{
  "object": {
    "pins": [
      {
        "package": "Swidux",
        "repositoryURL": "https://github.com/clmntcrl/swidux.git",
        "state": {
          "branch": null,
          "revision": "3558c31dc50869ac2c1aba88240438c9e26f35d0",
          "version": "0.1.0"
        }
      }
    ]
  },
  "version": 1
}
