{
  "object": {
    "pins": [
      {
        "package": "Swidux",
        "repositoryURL": "https://github.com/clmntcrl/swidux.git",
        "state": {
          "branch": null,
          "revision": "5a7720d8de7b8f95ffdf90b5c0143c61ff1db605",
          "version": "0.1.1"
        }
      }
    ]
  },
  "version": 1
}
